
Microsoft Visual Studio Solution File, Format Version 12.00
# Visual Studio Version 17
VisualStudioVersion = 17.3.32922.545
MinimumVisualStudioVersion = 10.0.40219.1
Project("{FAE04EC0-301F-11D3-BF4B-00C04F79EFBC}") = "Anilibria.NET", "Anilibria.NET\Anilibria.NET.csproj", "{AB862B26-F78D-41DE-979F-50FA551597E0}"
EndProject
Project("{FAE04EC0-301F-11D3-BF4B-00C04F79EFBC}") = "Anilibria.NET.ConsolePlayground", "Anilibria.NET.ConsolePlayground\Anilibria.NET.ConsolePlayground.csproj", "{990487AA-903C-46D9-9B64-21A964FF5016}"
EndProject
Project("{2150E333-8FDC-42A3-9474-1A3956D46DE8}") = "Solution Items", "Solution Items", "{B956EB65-87D3-48FD-8414-0BBBFEE51424}"
	ProjectSection(SolutionItems) = preProject
		.editorconfig = .editorconfig
	EndProjectSection
EndProject
Global
	GlobalSection(SolutionConfigurationPlatforms) = preSolution
		Debug|Any CPU = Debug|Any CPU
		Release|Any CPU = Release|Any CPU
	EndGlobalSection
	GlobalSection(ProjectConfigurationPlatforms) = postSolution
		{AB862B26-F78D-41DE-979F-50FA551597E0}.Debug|Any CPU.ActiveCfg = Debug|Any CPU
		{AB862B26-F78D-41DE-979F-50FA551597E0}.Debug|Any CPU.Build.0 = Debug|Any CPU
		{AB862B26-F78D-41DE-979F-50FA551597E0}.Release|Any CPU.ActiveCfg = Release|Any CPU
		{AB862B26-F78D-41DE-979F-50FA551597E0}.Release|Any CPU.Build.0 = Release|Any CPU
		{990487AA-903C-46D9-9B64-21A964FF5016}.Debug|Any CPU.ActiveCfg = Debug|Any CPU
		{990487AA-903C-46D9-9B64-21A964FF5016}.Debug|Any CPU.Build.0 = Debug|Any CPU
		{990487AA-903C-46D9-9B64-21A964FF5016}.Release|Any CPU.ActiveCfg = Release|Any CPU
		{990487AA-903C-46D9-9B64-21A964FF5016}.Release|Any CPU.Build.0 = Release|Any CPU
	EndGlobalSection
	GlobalSection(SolutionProperties) = preSolution
		HideSolutionNode = FALSE
	EndGlobalSection
	GlobalSection(ExtensibilityGlobals) = postSolution
		SolutionGuid = {D950EED8-6FDF-4C64-A79E-1526EA662664}
	EndGlobalSection
EndGlobal
